// !$*UTF8*$!
{
	archiveVersion = 1;
	classes = {
	};
	objectVersion = 46;
	objects = {

/* Begin PBXBuildFile section */
		C6D98F4B1B8DDF92008C22E7 /* AppDelegate.swift in Sources */ = {isa = PBXBuildFile; fileRef = C6D98F4A1B8DDF92008C22E7 /* AppDelegate.swift */; };
		C6D98F4D1B8DDF92008C22E7 /* ViewController.swift in Sources */ = {isa = PBXBuildFile; fileRef = C6D98F4C1B8DDF92008C22E7 /* ViewController.swift */; };
		C6D98F501B8DDF92008C22E7 /* Main.storyboard in Resources */ = {isa = PBXBuildFile; fileRef = C6D98F4E1B8DDF92008C22E7 /* Main.storyboard */; };
		C6D98F521B8DDF92008C22E7 /* Images.xcassets in Resources */ = {isa = PBXBuildFile; fileRef = C6D98F511B8DDF92008C22E7 /* Images.xcassets */; };
		C6D98F551B8DDF92008C22E7 /* LaunchScreen.xib in Resources */ = {isa = PBXBuildFile; fileRef = C6D98F531B8DDF92008C22E7 /* LaunchScreen.xib */; };
		C6D98F611B8DDF92008C22E7 /* SegmentedControllerExampleTests.swift in Sources */ = {isa = PBXBuildFile; fileRef = C6D98F601B8DDF92008C22E7 /* SegmentedControllerExampleTests.swift */; };
		C6D98F6B1B8DE007008C22E7 /* SegmentedController.framework in Frameworks */ = {isa = PBXBuildFile; fileRef = C6D98F6A1B8DE007008C22E7 /* SegmentedController.framework */; };
/* End PBXBuildFile section */

/* Begin PBXContainerItemProxy section */
		C6D98F5B1B8DDF92008C22E7 /* PBXContainerItemProxy */ = {
			isa = PBXContainerItemProxy;
			containerPortal = C6D98F3D1B8DDF92008C22E7 /* Project object */;
			proxyType = 1;
			remoteGlobalIDString = C6D98F441B8DDF92008C22E7;
			remoteInfo = SegmentedControllerExample;
		};
/* End PBXContainerItemProxy section */

/* Begin PBXFileReference section */
		C6D98F451B8DDF92008C22E7 /* SegmentedControllerExample.app */ = {isa = PBXFileReference; explicitFileType = wrapper.application; includeInIndex = 0; path = SegmentedControllerExample.app; sourceTree = BUILT_PRODUCTS_DIR; };
		C6D98F491B8DDF92008C22E7 /* Info.plist */ = {isa = PBXFileReference; lastKnownFileType = text.plist.xml; path = Info.plist; sourceTree = "<group>"; };
		C6D98F4A1B8DDF92008C22E7 /* AppDelegate.swift */ = {isa = PBXFileReference; lastKnownFileType = sourcecode.swift; path = AppDelegate.swift; sourceTree = "<group>"; };
		C6D98F4C1B8DDF92008C22E7 /* ViewController.swift */ = {isa = PBXFileReference; lastKnownFileType = sourcecode.swift; path = ViewController.swift; sourceTree = "<group>"; };
		C6D98F4F1B8DDF92008C22E7 /* Base */ = {isa = PBXFileReference; lastKnownFileType = file.storyboard; name = Base; path = Base.lproj/Main.storyboard; sourceTree = "<group>"; };
		C6D98F511B8DDF92008C22E7 /* Images.xcassets */ = {isa = PBXFileReference; lastKnownFileType = folder.assetcatalog; path = Images.xcassets; sourceTree = "<group>"; };
		C6D98F541B8DDF92008C22E7 /* Base */ = {isa = PBXFileReference; lastKnownFileType = file.xib; name = Base; path = Base.lproj/LaunchScreen.xib; sourceTree = "<group>"; };
		C6D98F5A1B8DDF92008C22E7 /* SegmentedControllerExampleTests.xctest */ = {isa = PBXFileReference; explicitFileType = wrapper.cfbundle; includeInIndex = 0; path = SegmentedControllerExampleTests.xctest; sourceTree = BUILT_PRODUCTS_DIR; };
		C6D98F5F1B8DDF92008C22E7 /* Info.plist */ = {isa = PBXFileReference; lastKnownFileType = text.plist.xml; path = Info.plist; sourceTree = "<group>"; };
		C6D98F601B8DDF92008C22E7 /* SegmentedControllerExampleTests.swift */ = {isa = PBXFileReference; lastKnownFileType = sourcecode.swift; path = SegmentedControllerExampleTests.swift; sourceTree = "<group>"; };
		C6D98F6A1B8DE007008C22E7 /* SegmentedController.framework */ = {isa = PBXFileReference; lastKnownFileType = wrapper.framework; name = SegmentedController.framework; path = "../build/Debug-iphoneos/SegmentedController.framework"; sourceTree = "<group>"; };
/* End PBXFileReference section */

/* Begin PBXFrameworksBuildPhase section */
		C6D98F421B8DDF92008C22E7 /* Frameworks */ = {
			isa = PBXFrameworksBuildPhase;
			buildActionMask = 2147483647;
			files = (
				C6D98F6B1B8DE007008C22E7 /* SegmentedController.framework in Frameworks */,
			);
			runOnlyForDeploymentPostprocessing = 0;
		};
		C6D98F571B8DDF92008C22E7 /* Frameworks */ = {
			isa = PBXFrameworksBuildPhase;
			buildActionMask = 2147483647;
			files = (
			);
			runOnlyForDeploymentPostprocessing = 0;
		};
/* End PBXFrameworksBuildPhase section */

/* Begin PBXGroup section */
		C6D98F3C1B8DDF92008C22E7 = {
			isa = PBXGroup;
			children = (
				C6D98F6A1B8DE007008C22E7 /* SegmentedController.framework */,
				C6D98F471B8DDF92008C22E7 /* SegmentedControllerExample */,
				C6D98F5D1B8DDF92008C22E7 /* SegmentedControllerExampleTests */,
				C6D98F461B8DDF92008C22E7 /* Products */,
			);
			sourceTree = "<group>";
		};
		C6D98F461B8DDF92008C22E7 /* Products */ = {
			isa = PBXGroup;
			children = (
				C6D98F451B8DDF92008C22E7 /* SegmentedControllerExample.app */,
				C6D98F5A1B8DDF92008C22E7 /* SegmentedControllerExampleTests.xctest */,
			);
			name = Products;
			sourceTree = "<group>";
		};
		C6D98F471B8DDF92008C22E7 /* SegmentedControllerExample */ = {
			isa = PBXGroup;
			children = (
				C6D98F4A1B8DDF92008C22E7 /* AppDelegate.swift */,
				C6D98F4C1B8DDF92008C22E7 /* ViewController.swift */,
				C6D98F4E1B8DDF92008C22E7 /* Main.storyboard */,
				C6D98F511B8DDF92008C22E7 /* Images.xcassets */,
				C6D98F531B8DDF92008C22E7 /* LaunchScreen.xib */,
				C6D98F481B8DDF92008C22E7 /* Supporting Files */,
			);
			path = SegmentedControllerExample;
			sourceTree = "<group>";
		};
		C6D98F481B8DDF92008C22E7 /* Supporting Files */ = {
			isa = PBXGroup;
			children = (
				C6D98F491B8DDF92008C22E7 /* Info.plist */,
			);
			name = "Supporting Files";
			sourceTree = "<group>";
		};
		C6D98F5D1B8DDF92008C22E7 /* SegmentedControllerExampleTests */ = {
			isa = PBXGroup;
			children = (
				C6D98F601B8DDF92008C22E7 /* SegmentedControllerExampleTests.swift */,
				C6D98F5E1B8DDF92008C22E7 /* Supporting Files */,
			);
			path = SegmentedControllerExampleTests;
			sourceTree = "<group>";
		};
		C6D98F5E1B8DDF92008C22E7 /* Supporting Files */ = {
			isa = PBXGroup;
			children = (
				C6D98F5F1B8DDF92008C22E7 /* Info.plist */,
			);
			name = "Supporting Files";
			sourceTree = "<group>";
		};
/* End PBXGroup section */

/* Begin PBXNativeTarget section */
		C6D98F441B8DDF92008C22E7 /* SegmentedControllerExample */ = {
			isa = PBXNativeTarget;
			buildConfigurationList = C6D98F641B8DDF92008C22E7 /* Build configuration list for PBXNativeTarget "SegmentedControllerExample" */;
			buildPhases = (
				C6D98F411B8DDF92008C22E7 /* Sources */,
				C6D98F421B8DDF92008C22E7 /* Frameworks */,
				C6D98F431B8DDF92008C22E7 /* Resources */,
			);
			buildRules = (
			);
			dependencies = (
			);
			name = SegmentedControllerExample;
			productName = SegmentedControllerExample;
			productReference = C6D98F451B8DDF92008C22E7 /* SegmentedControllerExample.app */;
			productType = "com.apple.product-type.application";
		};
		C6D98F591B8DDF92008C22E7 /* SegmentedControllerExampleTests */ = {
			isa = PBXNativeTarget;
			buildConfigurationList = C6D98F671B8DDF92008C22E7 /* Build configuration list for PBXNativeTarget "SegmentedControllerExampleTests" */;
			buildPhases = (
				C6D98F561B8DDF92008C22E7 /* Sources */,
				C6D98F571B8DDF92008C22E7 /* Frameworks */,
				C6D98F581B8DDF92008C22E7 /* Resources */,
			);
			buildRules = (
			);
			dependencies = (
				C6D98F5C1B8DDF92008C22E7 /* PBXTargetDependency */,
			);
			name = SegmentedControllerExampleTests;
			productName = SegmentedControllerExampleTests;
			productReference = C6D98F5A1B8DDF92008C22E7 /* SegmentedControllerExampleTests.xctest */;
			productType = "com.apple.product-type.bundle.unit-test";
		};
/* End PBXNativeTarget section */

/* Begin PBXProject section */
		C6D98F3D1B8DDF92008C22E7 /* Project object */ = {
			isa = PBXProject;
			attributes = {
				LastSwiftMigration = 0720;
				LastSwiftUpdateCheck = 0720;
				LastUpgradeCheck = 0640;
				ORGANIZATIONNAME = "Ducky Duke";
				TargetAttributes = {
					C6D98F441B8DDF92008C22E7 = {
						CreatedOnToolsVersion = 6.4;
					};
					C6D98F591B8DDF92008C22E7 = {
						CreatedOnToolsVersion = 6.4;
						TestTargetID = C6D98F441B8DDF92008C22E7;
					};
				};
			};
			buildConfigurationList = C6D98F401B8DDF92008C22E7 /* Build configuration list for PBXProject "SegmentedControllerExample" */;
			compatibilityVersion = "Xcode 3.2";
			developmentRegion = English;
			hasScannedForEncodings = 0;
			knownRegions = (
				en,
				Base,
			);
			mainGroup = C6D98F3C1B8DDF92008C22E7;
			productRefGroup = C6D98F461B8DDF92008C22E7 /* Products */;
			projectDirPath = "";
			projectRoot = "";
			targets = (
				C6D98F441B8DDF92008C22E7 /* SegmentedControllerExample */,
				C6D98F591B8DDF92008C22E7 /* SegmentedControllerExampleTests */,
			);
		};
/* End PBXProject section */

/* Begin PBXResourcesBuildPhase section */
		C6D98F431B8DDF92008C22E7 /* Resources */ = {
			isa = PBXResourcesBuildPhase;
			buildActionMask = 2147483647;
			files = (
				C6D98F501B8DDF92008C22E7 /* Main.storyboard in Resources */,
				C6D98F551B8DDF92008C22E7 /* LaunchScreen.xib in Resources */,
				C6D98F521B8DDF92008C22E7 /* Images.xcassets in Resources */,
			);
			runOnlyForDeploymentPostprocessing = 0;
		};
		C6D98F581B8DDF92008C22E7 /* Resources */ = {
			isa = PBXResourcesBuildPhase;
			buildActionMask = 2147483647;
			files = (
			);
			runOnlyForDeploymentPostprocessing = 0;
		};
/* End PBXResourcesBuildPhase section */

/* Begin PBXSourcesBuildPhase section */
		C6D98F411B8DDF92008C22E7 /* Sources */ = {
			isa = PBXSourcesBuildPhase;
			buildActionMask = 2147483647;
			files = (
				C6D98F4D1B8DDF92008C22E7 /* ViewController.swift in Sources */,
				C6D98F4B1B8DDF92008C22E7 /* AppDelegate.swift in Sources */,
			);
			runOnlyForDeploymentPostprocessing = 0;
		};
		C6D98F561B8DDF92008C22E7 /* Sources */ = {
			isa = PBXSourcesBuildPhase;
			buildActionMask = 2147483647;
			files = (
				C6D98F611B8DDF92008C22E7 /* SegmentedControllerExampleTests.swift in Sources */,
			);
			runOnlyForDeploymentPostprocessing = 0;
		};
/* End PBXSourcesBuildPhase section */

/* Begin PBXTargetDependency section */
		C6D98F5C1B8DDF92008C22E7 /* PBXTargetDependency */ = {
			isa = PBXTargetDependency;
			target = C6D98F441B8DDF92008C22E7 /* SegmentedControllerExample */;
			targetProxy = C6D98F5B1B8DDF92008C22E7 /* PBXContainerItemProxy */;
		};
/* End PBXTargetDependency section */

/* Begin PBXVariantGroup section */
		C6D98F4E1B8DDF92008C22E7 /* Main.storyboard */ = {
			isa = PBXVariantGroup;
			children = (
				C6D98F4F1B8DDF92008C22E7 /* Base */,
			);
			name = Main.storyboard;
			sourceTree = "<group>";
		};
		C6D98F531B8DDF92008C22E7 /* LaunchScreen.xib */ = {
			isa = PBXVariantGroup;
			children = (
				C6D98F541B8DDF92008C22E7 /* Base */,
			);
			name = LaunchScreen.xib;
			sourceTree = "<group>";
		};
/* End PBXVariantGroup section */

/* Begin XCBuildConfiguration section */
		C6D98F621B8DDF92008C22E7 /* Debug */ = {
			isa = XCBuildConfiguration;
			buildSettings = {
				ALWAYS_SEARCH_USER_PATHS = NO;
				CLANG_CXX_LANGUAGE_STANDARD = "gnu++0x";
				CLANG_CXX_LIBRARY = "libc++";
				CLANG_ENABLE_MODULES = YES;
				CLANG_ENABLE_OBJC_ARC = YES;
				CLANG_WARN_BOOL_CONVERSION = YES;
				CLANG_WARN_CONSTANT_CONVERSION = YES;
				CLANG_WARN_DIRECT_OBJC_ISA_USAGE = YES_ERROR;
				CLANG_WARN_EMPTY_BODY = YES;
				CLANG_WARN_ENUM_CONVERSION = YES;
				CLANG_WARN_INT_CONVERSION = YES;
				CLANG_WARN_OBJC_ROOT_CLASS = YES_ERROR;
				CLANG_WARN_UNREACHABLE_CODE = YES;
				CLANG_WARN__DUPLICATE_METHOD_MATCH = YES;
				"CODE_SIGN_IDENTITY[sdk=iphoneos*]" = "iPhone Developer";
				COPY_PHASE_STRIP = NO;
				DEBUG_INFORMATION_FORMAT = "dwarf-with-dsym";
				ENABLE_STRICT_OBJC_MSGSEND = YES;
				GCC_C_LANGUAGE_STANDARD = gnu99;
				GCC_DYNAMIC_NO_PIC = NO;
				GCC_NO_COMMON_BLOCKS = YES;
				GCC_OPTIMIZATION_LEVEL = 0;
				GCC_PREPROCESSOR_DEFINITIONS = (
					"DEBUG=1",
					"$(inherited)",
				);
				GCC_SYMBOLS_PRIVATE_EXTERN = NO;
				GCC_WARN_64_TO_32_BIT_CONVERSION = YES;
				GCC_WARN_ABOUT_RETURN_TYPE = YES_ERROR;
				GCC_WARN_UNDECLARED_SELECTOR = YES;
				GCC_WARN_UNINITIALIZED_AUTOS = YES_AGGRESSIVE;
				GCC_WARN_UNUSED_FUNCTION = YES;
				GCC_WARN_UNUSED_VARIABLE = YES;
				IPHONEOS_DEPLOYMENT_TARGET = 8.4;
				MTL_ENABLE_DEBUG_INFO = YES;
				ONLY_ACTIVE_ARCH = YES;
				SDKROOT = iphoneos;
				SWIFT_OPTIMIZATION_LEVEL = "-Onone";
				TARGETED_DEVICE_FAMILY = "1,2";
			};
			name = Debug;
		};
		C6D98F631B8DDF92008C22E7 /* Release */ = {
			isa = XCBuildConfiguration;
			buildSettings = {
				ALWAYS_SEARCH_USER_PATHS = NO;
				CLANG_CXX_LANGUAGE_STANDARD = "gnu++0x";
				CLANG_CXX_LIBRARY = "libc++";
				CLANG_ENABLE_MODULES = YES;
				CLANG_ENABLE_OBJC_ARC = YES;
				CLANG_WARN_BOOL_CONVERSION = YES;
				CLANG_WARN_CONSTANT_CONVERSION = YES;
				CLANG_WARN_DIRECT_OBJC_ISA_USAGE = YES_ERROR;
				CLANG_WARN_EMPTY_BODY = YES;
				CLANG_WARN_ENUM_CONVERSION = YES;
				CLANG_WARN_INT_CONVERSION = YES;
				CLANG_WARN_OBJC_ROOT_CLASS = YES_ERROR;
				CLANG_WARN_UNREACHABLE_CODE = YES;
				CLANG_WARN__DUPLICATE_METHOD_MATCH = YES;
				"CODE_SIGN_IDENTITY[sdk=iphoneos*]" = "iPhone Developer";
				COPY_PHASE_STRIP = NO;
				DEBUG_INFORMATION_FORMAT = "dwarf-with-dsym";
				ENABLE_NS_ASSERTIONS = NO;
				ENABLE_STRICT_OBJC_MSGSEND = YES;
				GCC_C_LANGUAGE_STANDARD = gnu99;
				GCC_NO_COMMON_BLOCKS = YES;
				GCC_WARN_64_TO_32_BIT_CONVERSION = YES;
				GCC_WARN_ABOUT_RETURN_TYPE = YES_ERROR;
				GCC_WARN_UNDECLARED_SELECTOR = YES;
				GCC_WARN_UNINITIALIZED_AUTOS = YES_AGGRESSIVE;
				GCC_WARN_UNUSED_FUNCTION = YES;
				GCC_WARN_UNUSED_VARIABLE = YES;
				IPHONEOS_DEPLOYMENT_TARGET = 8.4;
				MTL_ENABLE_DEBUG_INFO = NO;
				SDKROOT = iphoneos;
				TARGETED_DEVICE_FAMILY = "1,2";
				VALIDATE_PRODUCT = YES;
			};
			name = Release;
		};
		C6D98F651B8DDF92008C22E7 /* Debug */ = {
			isa = XCBuildConfiguration;
			buildSettings = {
				ASSETCATALOG_COMPILER_APPICON_NAME = AppIcon;
				FRAMEWORK_SEARCH_PATHS = (
					"$(inherited)",
					"/Users/doba/workspace/ios/SegmentedController/build/Debug-iphoneos",
				);
				INFOPLIST_FILE = SegmentedControllerExample/Info.plist;
				LD_RUNPATH_SEARCH_PATHS = "$(inherited) @executable_path/Frameworks";
				PRODUCT_NAME = "$(TARGET_NAME)";
			};
			name = Debug;
		};
		C6D98F661B8DDF92008C22E7 /* Release */ = {
			isa = XCBuildConfiguration;
			buildSettings = {
				ASSETCATALOG_COMPILER_APPICON_NAME = AppIcon;
				FRAMEWORK_SEARCH_PATHS = (
					"$(inherited)",
					"/Users/doba/workspace/ios/SegmentedController/build/Debug-iphoneos",
				);
				INFOPLIST_FILE = SegmentedControllerExample/Info.plist;
				LD_RUNPATH_SEARCH_PATHS = "$(inherited) @executable_path/Frameworks";
				PRODUCT_NAME = "$(TARGET_NAME)";
			};
			name = Release;
		};
		C6D98F681B8DDF92008C22E7 /* Debug */ = {
			isa = XCBuildConfiguration;
			buildSettings = {
				BUNDLE_LOADER = "$(TEST_HOST)";
				FRAMEWORK_SEARCH_PATHS = (
					"$(SDKROOT)/Developer/Library/Frameworks",
					"$(inherited)",
				);
				GCC_PREPROCESSOR_DEFINITIONS = (
					"DEBUG=1",
					"$(inherited)",
				);
				INFOPLIST_FILE = SegmentedControllerExampleTests/Info.plist;
				LD_RUNPATH_SEARCH_PATHS = "$(inherited) @executable_path/Frameworks @loader_path/Frameworks";
				PRODUCT_NAME = "$(TARGET_NAME)";
				TEST_HOST = "$(BUILT_PRODUCTS_DIR)/SegmentedControllerExample.app/SegmentedControllerExample";
			};
			name = Debug;
		};
		C6D98F691B8DDF92008C22E7 /* Release */ = {
			isa = XCBuildConfiguration;
			buildSettings = {
				BUNDLE_LOADER = "$(TEST_HOST)";
				FRAMEWORK_SEARCH_PATHS = (
					"$(SDKROOT)/Developer/Library/Frameworks",
					"$(inherited)",
				);
				INFOPLIST_FILE = SegmentedControllerExampleTests/Info.plist;
				LD_RUNPATH_SEARCH_PATHS = "$(inherited) @executable_path/Frameworks @loader_path/Frameworks";
				PRODUCT_NAME = "$(TARGET_NAME)";
				TEST_HOST = "$(BUILT_PRODUCTS_DIR)/SegmentedControllerExample.app/SegmentedControllerExample";
			};
			name = Release;
		};
/* End XCBuildConfiguration section */

/* Begin XCConfigurationList section */
		C6D98F401B8DDF92008C22E7 /* Build configuration list for PBXProject "SegmentedControllerExample" */ = {
			isa = XCConfigurationList;
			buildConfigurations = (
				C6D98F621B8DDF92008C22E7 /* Debug */,
				C6D98F631B8DDF92008C22E7 /* Release */,
			);
			defaultConfigurationIsVisible = 0;
			defaultConfigurationName = Release;
		};
		C6D98F641B8DDF92008C22E7 /* Build configuration list for PBXNativeTarget "SegmentedControllerExample" */ = {
			isa = XCConfigurationList;
			buildConfigurations = (
				C6D98F651B8DDF92008C22E7 /* Debug */,
				C6D98F661B8DDF92008C22E7 /* Release */,
			);
			defaultConfigurationIsVisible = 0;
			defaultConfigurationName = Release;
		};
		C6D98F671B8DDF92008C22E7 /* Build configuration list for PBXNativeTarget "SegmentedControllerExampleTests" */ = {
			isa = XCConfigurationList;
			buildConfigurations = (
				C6D98F681B8DDF92008C22E7 /* Debug */,
				C6D98F691B8DDF92008C22E7 /* Release */,
			);
			defaultConfigurationIsVisible = 0;
			defaultConfigurationName = Release;
		};
/* End XCConfigurationList section */
	};
	rootObject = C6D98F3D1B8DDF92008C22E7 /* Project object */;
}
